{
  "version": 4,
  "terraform_version": "1.6.6",
  "serial": 1,
  "lineage": "9b15a9e6-a59b-dfb9-1853-ca8a0c2e4993",
  "outputs": {},
  "resources": [
    {
      "mode": "data",
      "type": "azurerm_client_config",
      "name": "current",
      "provider": "provider[\"registry.terraform.io/hashicorp/azurerm\"]",
      "instances": [
        {
          "schema_version": 0,
          "attributes": {
            "client_id": "04b07795-8ddb-461a-bbee-02f9e1bf7b46",
            "id": "Y2xpZW50Q29uZmlncy9jbGllbnRJZD0wNGIwNzc5NS04ZGRiLTQ2MWEtYmJlZS0wMmY5ZTFiZjdiNDY7b2JqZWN0SWQ9MTk0ZjdmNGYtNzM0Mi00Y2M0LTk5ZjItODEwODhiMjZlMDA5O3N1YnNjcmlwdGlvbklkPTRmNmE2ZWI5LTI3ZDAtNGVkNi1hMzFjLTJiZGUxMzVlMmRiNjt0ZW5hbnRJZD04MjY3Njc4Ni01YmM3LTQzYzYtYjhmOC1iM2VlMDJiMGI1ZjM=",
            "object_id": "194f7f4f-7342-4cc4-99f2-81088b26e009",
            "subscription_id": "4f6a6eb9-27d0-4ed6-a31c-2bde135e2db6",
            "tenant_id": "82676786-5bc7-43c6-b8f8-b3ee02b0b5f3",
            "timeouts": null
          },
          "sensitive_attributes": []
        }
      ]
    },
    {
      "mode": "managed",
      "type": "azurerm_key_vault",
      "name": "kv",
      "provider": "provider[\"registry.terraform.io/hashicorp/azurerm\"]",
      "instances": [
        {
          "schema_version": 2,
          "attributes": {
            "access_policy": [
              {
                "application_id": "",
                "certificate_permissions": null,
                "key_permissions": [
                  "Get"
                ],
                "object_id": "0fe86726-5376-4e7a-a23a-d98558038f28",
                "secret_permissions": [
                  "Get"
                ],
                "storage_permissions": [
                  "Get"
                ],
                "tenant_id": "82676786-5bc7-43c6-b8f8-b3ee02b0b5f3"
              }
            ],
            "contact": [],
            "enable_rbac_authorization": false,
            "enabled_for_deployment": false,
            "enabled_for_disk_encryption": true,
            "enabled_for_template_deployment": false,
            "id": "/subscriptions/4f6a6eb9-27d0-4ed6-a31c-2bde135e2db6/resourceGroups/rg_sb_eastus_71650_1_17035979979/providers/Microsoft.KeyVault/vaults/keyvault0369",
            "location": "eastus",
            "name": "keyvault0369",
            "network_acls": [
              {
                "bypass": "AzureServices",
                "default_action": "Allow",
                "ip_rules": [],
                "virtual_network_subnet_ids": []
              }
            ],
            "public_network_access_enabled": true,
            "purge_protection_enabled": false,
            "resource_group_name": "rg_sb_eastus_71650_1_17035979979",
            "sku_name": "standard",
            "soft_delete_retention_days": 90,
            "tags": null,
            "tenant_id": "82676786-5bc7-43c6-b8f8-b3ee02b0b5f3",
            "timeouts": null,
            "vault_uri": "https://keyvault0369.vault.azure.net/"
          },
          "sensitive_attributes": [],
          "private": "eyJlMmJmYjczMC1lY2FhLTExZTYtOGY4OC0zNDM2M2JjN2M0YzAiOnsiY3JlYXRlIjoxODAwMDAwMDAwMDAwLCJkZWxldGUiOjE4MDAwMDAwMDAwMDAsInJlYWQiOjMwMDAwMDAwMDAwMCwidXBkYXRlIjoxODAwMDAwMDAwMDAwfSwic2NoZW1hX3ZlcnNpb24iOiIyIn0="
        }
      ]
    }
  ],
  "check_results": null
}
